{
  "name": "ts-sdk-validation",
  "version": "1.0.0",
  "lockfileVersion": 3,
  "requires": true,
  "packages": {
    "": {
      "name": "ts-sdk-validation",
      "version": "1.0.0",
      "license": "ISC",
      "dependencies": {
        "airc-client": "^0.2.0"
      }
    },
    "node_modules/airc-client": {
      "version": "0.2.0",
      "resolved": "https://registry.npmjs.org/airc-client/-/airc-client-0.2.0.tgz",
      "integrity": "sha512-VgQSDbeUD5h/9HuUckMbOqhmT14tXVqYLVPwjX2M3qg/VNzQt0480BNZKnHjiUAsBpt+TjsaoNLwlfJr/eCnUA==",
      "license": "MIT",
      "engines": {
        "node": ">=18.0.0"
      }
    }
  }
}
